{
  "version": 1,
  "dependencies": {
    "net10.0-windows7.0": {
      "DBAClientX.Core": {
        "type": "Transitive",
        "resolved": "1.0.8",
        "contentHash": "Od9B70xSvPq7y0n0v0bcWv6uJiwnnslan07touL6C5JBWSN3bBA7FYRcZ8jzuDds/LMkarCH77aSHVTUmOOWxQ=="
      },
      "DBAClientX.SQLite": {
        "type": "Transitive",
        "resolved": "1.0.8",
        "contentHash": "JnV3wk12rGVLTYiPYiL3SuKcRYvrCqCn14+usCZdniScWlQAnf7dMX022IWBXymmKApP8Nj8+/1g1yctptVLJg==",
        "dependencies": {
          "DBAClientX.Core": "1.0.8",
          "Microsoft.Data.Sqlite": "10.0.10",
          "SQLitePCLRaw.bundle_e_sqlite3": "3.0.5",
          "SQLitePCLRaw.core": "3.0.5"
        }
      },
      "DnsClientX": {
        "type": "Transitive",
        "resolved": "2.1.0",
        "contentHash": "Pp57zl3zJHkB1MMiVApLZuksJitylTQ1baThYTScU8DR9uh8iPqskFj6HNsSEKlW/vJnTvnWwu5zuouAFxEBNw=="
      },
      "Microsoft.Data.Sqlite": {
        "type": "Transitive",
        "resolved": "10.0.10",
        "contentHash": "58JwZ39lCvRXHfV5O6RQfbHEDu8ZsXI7weRoVRR4jrGRxxkS+qyeuGrN2xD+9VYEICApYr0iTSL6PuU+DdsvPg==",
        "dependencies": {
          "Microsoft.Data.Sqlite.Core": "10.0.10",
          "SQLitePCLRaw.bundle_e_sqlite3": "2.1.11",
          "SQLitePCLRaw.core": "2.1.11"
        }
      },
      "Microsoft.Data.Sqlite.Core": {
        "type": "Transitive",
        "resolved": "10.0.10",
        "contentHash": "TPCs0ldm7AWqcKmp6f/Xr+14sat7hx4rHfRlS4RgCURBH2thEWbAKEyX7cCWr63zVJVOJIJZTg2cBiUXa8ys6g==",
        "dependencies": {
          "SQLitePCLRaw.core": "2.1.11"
        }
      },
      "SQLite": {
        "type": "Transitive",
        "resolved": "3.53.4",
        "contentHash": "KN7jeWqgUPeBRe1FlcpZURzxomuKKEKHmBBQfg+Nx7NkY1LjKhzHvH+3ASkNvhayESE34nMBinL9CV21JfPRJw=="
      },
      "SQLitePCLRaw.bundle_e_sqlite3": {
        "type": "Transitive",
        "resolved": "3.0.5",
        "contentHash": "SW8iASIyWMrLzqabUHYQRvALhvD4ylSBsj4PgEVGwc36kQjc9xT5kSV/XQ9rU7nIpBWD+LPyX3Hlw5FzyUzGeQ==",
        "dependencies": {
          "SQLite": "3.53.4",
          "SQLitePCLRaw.config.e_sqlite3": "3.0.5"
        }
      },
      "SQLitePCLRaw.config.e_sqlite3": {
        "type": "Transitive",
        "resolved": "3.0.5",
        "contentHash": "aSk8WE5tF2MybESMgtZAEyMVCAWA0nBqOMc48HFoa9UoSdtm3goDXVzNRnefeKIwE6bV9NaNXptn1F9ReMQI0Q==",
        "dependencies": {
          "SQLitePCLRaw.provider.e_sqlite3": "3.0.5"
        }
      },
      "SQLitePCLRaw.core": {
        "type": "Transitive",
        "resolved": "3.0.5",
        "contentHash": "k81AYXXRCw3Zj8rOhyBoCsx/U97KYDFI2CSKr/ijl5BwpsW/hX/4kBiDmerFaoust8nxBwa0IHQFw8MmSHRtnQ=="
      },
      "SQLitePCLRaw.provider.e_sqlite3": {
        "type": "Transitive",
        "resolved": "3.0.5",
        "contentHash": "um8YSWduhhuskTG2bHfZrBqMNQOydfU8pcseT+cu5RivOGyoUbCrGXxgoRNTmRYw2VbMWnEZVVFcneZT/5dsBg==",
        "dependencies": {
          "SQLitePCLRaw.core": "3.0.5"
        }
      },
      "System.Diagnostics.EventLog": {
        "type": "Transitive",
        "resolved": "10.0.11",
        "contentHash": "QTXEoQBzz00SFWbo7nAg1Ogd4f99lwqcO9uAJ7MYSLEUR28f6As32QktrqG2Fr9cfAfd1GjLyGYspE7Ipj7P6w=="
      },
      "System.DirectoryServices": {
        "type": "Transitive",
        "resolved": "10.0.11",
        "contentHash": "kj7evAu1OcxBg2KOXWDgbLt12100t+1rlKk6M9/F/lK1NF68me6iQ/x9rJ8xEEt7AtVj4lMUFD/nr6N5zcQBKw=="
      },
      "eventviewerx": {
        "type": "Project",
        "dependencies": {
          "DnsClientX": "[2.1.0, )",
          "System.Diagnostics.EventLog": "[10.0.11, )",
          "System.DirectoryServices": "[10.0.11, )"
        }
      },
      "eventviewerx.storage": {
        "type": "Project",
        "dependencies": {
          "DBAClientX.SQLite": "[1.0.8, )",
          "EventViewerX": "[4.0.1, )"
        }
      }
    }
  }
}