{
  "version": 1,
  "dependencies": {
    "net8.0-windows7.0": {
      "DnsClientX": {
        "type": "Transitive",
        "resolved": "2.1.0",
        "contentHash": "Pp57zl3zJHkB1MMiVApLZuksJitylTQ1baThYTScU8DR9uh8iPqskFj6HNsSEKlW/vJnTvnWwu5zuouAFxEBNw=="
      },
      "DocumentFormat.OpenXml": {
        "type": "Transitive",
        "resolved": "3.5.1",
        "contentHash": "zxdOf5VVCe/uNklbRhj8dVBzQGj3DoqkUuqOp9cAZVuN8mNYDjof1lvSQA2OQNr8Ptc9d7pbA7Azq/ReaI3FpA==",
        "dependencies": {
          "DocumentFormat.OpenXml.Framework": "3.5.1"
        }
      },
      "DocumentFormat.OpenXml.Framework": {
        "type": "Transitive",
        "resolved": "3.5.1",
        "contentHash": "U5txtc3ORno73xQx9Lf2gWzfaSZnZwKHfLkTAslhlew9lxe5XbUiCt0dY1fHeAf8yRqszUAe5i/+xLC9R/Xfsw==",
        "dependencies": {
          "System.IO.Packaging": "8.0.1"
        }
      },
      "HtmlForgeX": {
        "type": "Transitive",
        "resolved": "0.56.0",
        "contentHash": "bKqH8vz5IQnLzoNttlVgqCsyX4vbCJ3zL8O+4B5L8tNGZpZlf++gQ1SU7bfvGsusvSyfK4tsh4WiCwSEIFtwnA=="
      },
      "HtmlForgeX.Email": {
        "type": "Transitive",
        "resolved": "1.6.0",
        "contentHash": "rTdRRLrHBvBKhLcjFlxeVtIGJSQ4bo4NcmspMPGgyN6ZKasd8r1TAjfITMJR7fm/bEGyQnmdh3DrxILG6DvsPg=="
      },
      "OfficeIMO.Core": {
        "type": "Transitive",
        "resolved": "3.2.4",
        "contentHash": "cjEnE6gcAn2MUBRrmIiY7lSpYihE52LbullgSrvW2UCLAoonf8Nf/d4+Ak/A7zGF5ZjgSU0KQN/201VsASG0uA=="
      },
      "OfficeIMO.CSV": {
        "type": "Transitive",
        "resolved": "3.2.4",
        "contentHash": "HkYI+rOaztem95F1M3CbimKIuFWZn2aJPpyVVLehV2nHyBwYispawsP/blR0S/Q7Jp4z87d6hagj1YGcqi2Sag==",
        "dependencies": {
          "OfficeIMO.Core": "3.2.4"
        }
      },
      "OfficeIMO.Excel": {
        "type": "Transitive",
        "resolved": "3.2.4",
        "contentHash": "TVlXBLId0yub5m6vX1EHSOLnPYd7T28Q2y5OMLKaPOnVQ1YfAItgUu8pLGghIRZgz+qUsArO10cMq2YK09W+yA==",
        "dependencies": {
          "DocumentFormat.OpenXml": "[3.5.1, 4.0.0)",
          "OfficeIMO.Core": "3.2.4"
        }
      },
      "System.Diagnostics.EventLog": {
        "type": "Transitive",
        "resolved": "10.0.11",
        "contentHash": "QTXEoQBzz00SFWbo7nAg1Ogd4f99lwqcO9uAJ7MYSLEUR28f6As32QktrqG2Fr9cfAfd1GjLyGYspE7Ipj7P6w=="
      },
      "System.DirectoryServices": {
        "type": "Transitive",
        "resolved": "10.0.11",
        "contentHash": "kj7evAu1OcxBg2KOXWDgbLt12100t+1rlKk6M9/F/lK1NF68me6iQ/x9rJ8xEEt7AtVj4lMUFD/nr6N5zcQBKw=="
      },
      "System.IO.Packaging": {
        "type": "Transitive",
        "resolved": "8.0.1",
        "contentHash": "KYkIOAvPexQOLDxPO2g0BVoWInnQhPpkFzRqvNrNrMhVT6kqhVr0zEb6KCHlptLFukxnZrjuMVAnxK7pOGUYrw=="
      },
      "System.Threading.AccessControl": {
        "type": "Transitive",
        "resolved": "10.0.11",
        "contentHash": "GHX/QS0WfddVUHaxZuXGk/VW8NrQl1gPQQTcz5fdIT1CBeiSIi/MhIq50/XPB90qq0loFO7nmzftNeoU2qWwIQ=="
      },
      "eventviewerx": {
        "type": "Project",
        "dependencies": {
          "DnsClientX": "[2.1.0, )",
          "System.Diagnostics.EventLog": "[10.0.11, )",
          "System.DirectoryServices": "[10.0.11, )",
          "System.Threading.AccessControl": "[10.0.11, )"
        }
      },
      "eventviewerx.reporting": {
        "type": "Project",
        "dependencies": {
          "EventViewerX": "[4.0.0, )",
          "HtmlForgeX": "[0.56.0, )",
          "HtmlForgeX.Email": "[1.6.0, )",
          "OfficeIMO.CSV": "[3.2.4, )",
          "OfficeIMO.Excel": "[3.2.4, )"
        }
      }
    }
  }
}